// !$*UTF8*$!
{
	archiveVersion = 1;
	classes = {
	};
	objectVersion = 46;
	objects = {

/* Begin PBXBuildFile section */
		6FE026751EA7633C00B78384 /* main.m in Sources */ = {isa = PBXBuildFile; fileRef = 6FE026741EA7633C00B78384 /* main.m */; };
		6FE026781EA7633C00B78384 /* AppDelegate.m in Sources */ = {isa = PBXBuildFile; fileRef = 6FE026771EA7633C00B78384 /* AppDelegate.m */; };
		6FE0267B1EA7633C00B78384 /* ViewController.m in Sources */ = {isa = PBXBuildFile; fileRef = 6FE0267A1EA7633C00B78384 /* ViewController.m */; };
		6FE0267E1EA7633C00B78384 /* Main.storyboard in Resources */ = {isa = PBXBuildFile; fileRef = 6FE0267C1EA7633C00B78384 /* Main.storyboard */; };
		6FE026811EA7633C00B78384 /* CustomePickView.xcdatamodeld in Sources */ = {isa = PBXBuildFile; fileRef = 6FE0267F1EA7633C00B78384 /* CustomePickView.xcdatamodeld */; };
		6FE026831EA7633C00B78384 /* Assets.xcassets in Resources */ = {isa = PBXBuildFile; fileRef = 6FE026821EA7633C00B78384 /* Assets.xcassets */; };
		6FE026861EA7633C00B78384 /* LaunchScreen.storyboard in Resources */ = {isa = PBXBuildFile; fileRef = 6FE026841EA7633C00B78384 /* LaunchScreen.storyboard */; };
		6FE026911EA7633D00B78384 /* CustomePickViewTests.m in Sources */ = {isa = PBXBuildFile; fileRef = 6FE026901EA7633D00B78384 /* CustomePickViewTests.m */; };
		6FE0269C1EA7633D00B78384 /* CustomePickViewUITests.m in Sources */ = {isa = PBXBuildFile; fileRef = 6FE0269B1EA7633D00B78384 /* CustomePickViewUITests.m */; };
		6FE026AF1EA763F200B78384 /* PickView.m in Sources */ = {isa = PBXBuildFile; fileRef = 6FE026AE1EA763F200B78384 /* PickView.m */; };
/* End PBXBuildFile section */

/* Begin PBXContainerItemProxy section */
		6FE0268D1EA7633D00B78384 /* PBXContainerItemProxy */ = {
			isa = PBXContainerItemProxy;
			containerPortal = 6FE026681EA7633C00B78384 /* Project object */;
			proxyType = 1;
			remoteGlobalIDString = 6FE0266F1EA7633C00B78384;
			remoteInfo = CustomePickView;
		};
		6FE026981EA7633D00B78384 /* PBXContainerItemProxy */ = {
			isa = PBXContainerItemProxy;
			containerPortal = 6FE026681EA7633C00B78384 /* Project object */;
			proxyType = 1;
			remoteGlobalIDString = 6FE0266F1EA7633C00B78384;
			remoteInfo = CustomePickView;
		};
/* End PBXContainerItemProxy section */

/* Begin PBXFileReference section */
		6FE026701EA7633C00B78384 /* CustomePickView.app */ = {isa = PBXFileReference; explicitFileType = wrapper.application; includeInIndex = 0; path = CustomePickView.app; sourceTree = BUILT_PRODUCTS_DIR; };
		6FE026741EA7633C00B78384 /* main.m */ = {isa = PBXFileReference; lastKnownFileType = sourcecode.c.objc; path = main.m; sourceTree = "<group>"; };
		6FE026761EA7633C00B78384 /* AppDelegate.h */ = {isa = PBXFileReference; lastKnownFileType = sourcecode.c.h; path = AppDelegate.h; sourceTree = "<group>"; };
		6FE026771EA7633C00B78384 /* AppDelegate.m */ = {isa = PBXFileReference; lastKnownFileType = sourcecode.c.objc; path = AppDelegate.m; sourceTree = "<group>"; };
		6FE026791EA7633C00B78384 /* ViewController.h */ = {isa = PBXFileReference; lastKnownFileType = sourcecode.c.h; path = ViewController.h; sourceTree = "<group>"; };
		6FE0267A1EA7633C00B78384 /* ViewController.m */ = {isa = PBXFileReference; lastKnownFileType = sourcecode.c.objc; path = ViewController.m; sourceTree = "<group>"; };
		6FE0267D1EA7633C00B78384 /* Base */ = {isa = PBXFileReference; lastKnownFileType = file.storyboard; name = Base; path = Base.lproj/Main.storyboard; sourceTree = "<group>"; };
		6FE026801EA7633C00B78384 /* CustomePickView.xcdatamodel */ = {isa = PBXFileReference; lastKnownFileType = wrapper.xcdatamodel; path = CustomePickView.xcdatamodel; sourceTree = "<group>"; };
		6FE026821EA7633C00B78384 /* Assets.xcassets */ = {isa = PBXFileReference; lastKnownFileType = folder.assetcatalog; path = Assets.xcassets; sourceTree = "<group>"; };
		6FE026851EA7633C00B78384 /* Base */ = {isa = PBXFileReference; lastKnownFileType = file.storyboard; name = Base; path = Base.lproj/LaunchScreen.storyboard; sourceTree = "<group>"; };
		6FE026871EA7633C00B78384 /* Info.plist */ = {isa = PBXFileReference; lastKnownFileType = text.plist.xml; path = Info.plist; sourceTree = "<group>"; };
		6FE0268C1EA7633D00B78384 /* CustomePickViewTests.xctest */ = {isa = PBXFileReference; explicitFileType = wrapper.cfbundle; includeInIndex = 0; path = CustomePickViewTests.xctest; sourceTree = BUILT_PRODUCTS_DIR; };
		6FE026901EA7633D00B78384 /* CustomePickViewTests.m */ = {isa = PBXFileReference; lastKnownFileType = sourcecode.c.objc; path = CustomePickViewTests.m; sourceTree = "<group>"; };
		6FE026921EA7633D00B78384 /* Info.plist */ = {isa = PBXFileReference; lastKnownFileType = text.plist.xml; path = Info.plist; sourceTree = "<group>"; };
		6FE026971EA7633D00B78384 /* CustomePickViewUITests.xctest */ = {isa = PBXFileReference; explicitFileType = wrapper.cfbundle; includeInIndex = 0; path = CustomePickViewUITests.xctest; sourceTree = BUILT_PRODUCTS_DIR; };
		6FE0269B1EA7633D00B78384 /* CustomePickViewUITests.m */ = {isa = PBXFileReference; lastKnownFileType = sourcecode.c.objc; path = CustomePickViewUITests.m; sourceTree = "<group>"; };
		6FE0269D1EA7633D00B78384 /* Info.plist */ = {isa = PBXFileReference; lastKnownFileType = text.plist.xml; path = Info.plist; sourceTree = "<group>"; };
		6FE026AD1EA763F200B78384 /* PickView.h */ = {isa = PBXFileReference; fileEncoding = 4; lastKnownFileType = sourcecode.c.h; path = PickView.h; sourceTree = "<group>"; };
		6FE026AE1EA763F200B78384 /* PickView.m */ = {isa = PBXFileReference; fileEncoding = 4; lastKnownFileType = sourcecode.c.objc; path = PickView.m; sourceTree = "<group>"; };
/* End PBXFileReference section */

/* Begin PBXFrameworksBuildPhase section */
		6FE0266D1EA7633C00B78384 /* Frameworks */ = {
			isa = PBXFrameworksBuildPhase;
			buildActionMask = 2147483647;
			files = (
			);
			runOnlyForDeploymentPostprocessing = 0;
		};
		6FE026891EA7633D00B78384 /* Frameworks */ = {
			isa = PBXFrameworksBuildPhase;
			buildActionMask = 2147483647;
			files = (
			);
			runOnlyForDeploymentPostprocessing = 0;
		};
		6FE026941EA7633D00B78384 /* Frameworks */ = {
			isa = PBXFrameworksBuildPhase;
			buildActionMask = 2147483647;
			files = (
			);
			runOnlyForDeploymentPostprocessing = 0;
		};
/* End PBXFrameworksBuildPhase section */

/* Begin PBXGroup section */
		6FE026671EA7633C00B78384 = {
			isa = PBXGroup;
			children = (
				6FE026721EA7633C00B78384 /* CustomePickView */,
				6FE0268F1EA7633D00B78384 /* CustomePickViewTests */,
				6FE0269A1EA7633D00B78384 /* CustomePickViewUITests */,
				6FE026711EA7633C00B78384 /* Products */,
			);
			sourceTree = "<group>";
		};
		6FE026711EA7633C00B78384 /* Products */ = {
			isa = PBXGroup;
			children = (
				6FE026701EA7633C00B78384 /* CustomePickView.app */,
				6FE0268C1EA7633D00B78384 /* CustomePickViewTests.xctest */,
				6FE026971EA7633D00B78384 /* CustomePickViewUITests.xctest */,
			);
			name = Products;
			sourceTree = "<group>";
		};
		6FE026721EA7633C00B78384 /* CustomePickView */ = {
			isa = PBXGroup;
			children = (
				6FE026A91EA7638F00B78384 /* Classes */,
				6FE026761EA7633C00B78384 /* AppDelegate.h */,
				6FE026771EA7633C00B78384 /* AppDelegate.m */,
				6FE026791EA7633C00B78384 /* ViewController.h */,
				6FE0267A1EA7633C00B78384 /* ViewController.m */,
				6FE0267C1EA7633C00B78384 /* Main.storyboard */,
				6FE026821EA7633C00B78384 /* Assets.xcassets */,
				6FE026841EA7633C00B78384 /* LaunchScreen.storyboard */,
				6FE026871EA7633C00B78384 /* Info.plist */,
				6FE0267F1EA7633C00B78384 /* CustomePickView.xcdatamodeld */,
				6FE026731EA7633C00B78384 /* Supporting Files */,
			);
			path = CustomePickView;
			sourceTree = "<group>";
		};
		6FE026731EA7633C00B78384 /* Supporting Files */ = {
			isa = PBXGroup;
			children = (
				6FE026741EA7633C00B78384 /* main.m */,
			);
			name = "Supporting Files";
			sourceTree = "<group>";
		};
		6FE0268F1EA7633D00B78384 /* CustomePickViewTests */ = {
			isa = PBXGroup;
			children = (
				6FE026901EA7633D00B78384 /* CustomePickViewTests.m */,
				6FE026921EA7633D00B78384 /* Info.plist */,
			);
			path = CustomePickViewTests;
			sourceTree = "<group>";
		};
		6FE0269A1EA7633D00B78384 /* CustomePickViewUITests */ = {
			isa = PBXGroup;
			children = (
				6FE0269B1EA7633D00B78384 /* CustomePickViewUITests.m */,
				6FE0269D1EA7633D00B78384 /* Info.plist */,
			);
			path = CustomePickViewUITests;
			sourceTree = "<group>";
		};
		6FE026A91EA7638F00B78384 /* Classes */ = {
			isa = PBXGroup;
			children = (
				6FE026AD1EA763F200B78384 /* PickView.h */,
				6FE026AE1EA763F200B78384 /* PickView.m */,
			);
			path = Classes;
			sourceTree = "<group>";
		};
/* End PBXGroup section */

/* Begin PBXNativeTarget section */
		6FE0266F1EA7633C00B78384 /* CustomePickView */ = {
			isa = PBXNativeTarget;
			buildConfigurationList = 6FE026A01EA7633D00B78384 /* Build configuration list for PBXNativeTarget "CustomePickView" */;
			buildPhases = (
				6FE0266C1EA7633C00B78384 /* Sources */,
				6FE0266D1EA7633C00B78384 /* Frameworks */,
				6FE0266E1EA7633C00B78384 /* Resources */,
			);
			buildRules = (
			);
			dependencies = (
			);
			name = CustomePickView;
			productName = CustomePickView;
			productReference = 6FE026701EA7633C00B78384 /* CustomePickView.app */;
			productType = "com.apple.product-type.application";
		};
		6FE0268B1EA7633D00B78384 /* CustomePickViewTests */ = {
			isa = PBXNativeTarget;
			buildConfigurationList = 6FE026A31EA7633D00B78384 /* Build configuration list for PBXNativeTarget "CustomePickViewTests" */;
			buildPhases = (
				6FE026881EA7633D00B78384 /* Sources */,
				6FE026891EA7633D00B78384 /* Frameworks */,
				6FE0268A1EA7633D00B78384 /* Resources */,
			);
			buildRules = (
			);
			dependencies = (
				6FE0268E1EA7633D00B78384 /* PBXTargetDependency */,
			);
			name = CustomePickViewTests;
			productName = CustomePickViewTests;
			productReference = 6FE0268C1EA7633D00B78384 /* CustomePickViewTests.xctest */;
			productType = "com.apple.product-type.bundle.unit-test";
		};
		6FE026961EA7633D00B78384 /* CustomePickViewUITests */ = {
			isa = PBXNativeTarget;
			buildConfigurationList = 6FE026A61EA7633D00B78384 /* Build configuration list for PBXNativeTarget "CustomePickViewUITests" */;
			buildPhases = (
				6FE026931EA7633D00B78384 /* Sources */,
				6FE026941EA7633D00B78384 /* Frameworks */,
				6FE026951EA7633D00B78384 /* Resources */,
			);
			buildRules = (
			);
			dependencies = (
				6FE026991EA7633D00B78384 /* PBXTargetDependency */,
			);
			name = CustomePickViewUITests;
			productName = CustomePickViewUITests;
			productReference = 6FE026971EA7633D00B78384 /* CustomePickViewUITests.xctest */;
			productType = "com.apple.product-type.bundle.ui-testing";
		};
/* End PBXNativeTarget section */

/* Begin PBXProject section */
		6FE026681EA7633C00B78384 /* Project object */ = {
			isa = PBXProject;
			attributes = {
				LastUpgradeCheck = 0830;
				ORGANIZATIONNAME = MJBaby;
				TargetAttributes = {
					6FE0266F1EA7633C00B78384 = {
						CreatedOnToolsVersion = 8.3.1;
						DevelopmentTeam = X69H552D76;
						ProvisioningStyle = Automatic;
					};
					6FE0268B1EA7633D00B78384 = {
						CreatedOnToolsVersion = 8.3.1;
						ProvisioningStyle = Automatic;
						TestTargetID = 6FE0266F1EA7633C00B78384;
					};
					6FE026961EA7633D00B78384 = {
						CreatedOnToolsVersion = 8.3.1;
						ProvisioningStyle = Automatic;
						TestTargetID = 6FE0266F1EA7633C00B78384;
					};
				};
			};
			buildConfigurationList = 6FE0266B1EA7633C00B78384 /* Build configuration list for PBXProject "CustomePickView" */;
			compatibilityVersion = "Xcode 3.2";
			developmentRegion = English;
			hasScannedForEncodings = 0;
			knownRegions = (
				en,
				Base,
			);
			mainGroup = 6FE026671EA7633C00B78384;
			productRefGroup = 6FE026711EA7633C00B78384 /* Products */;
			projectDirPath = "";
			projectRoot = "";
			targets = (
				6FE0266F1EA7633C00B78384 /* CustomePickView */,
				6FE0268B1EA7633D00B78384 /* CustomePickViewTests */,
				6FE026961EA7633D00B78384 /* CustomePickViewUITests */,
			);
		};
/* End PBXProject section */

/* Begin PBXResourcesBuildPhase section */
		6FE0266E1EA7633C00B78384 /* Resources */ = {
			isa = PBXResourcesBuildPhase;
			buildActionMask = 2147483647;
			files = (
				6FE026861EA7633C00B78384 /* LaunchScreen.storyboard in Resources */,
				6FE026831EA7633C00B78384 /* Assets.xcassets in Resources */,
				6FE0267E1EA7633C00B78384 /* Main.storyboard in Resources */,
			);
			runOnlyForDeploymentPostprocessing = 0;
		};
		6FE0268A1EA7633D00B78384 /* Resources */ = {
			isa = PBXResourcesBuildPhase;
			buildActionMask = 2147483647;
			files = (
			);
			runOnlyForDeploymentPostprocessing = 0;
		};
		6FE026951EA7633D00B78384 /* Resources */ = {
			isa = PBXResourcesBuildPhase;
			buildActionMask = 2147483647;
			files = (
			);
			runOnlyForDeploymentPostprocessing = 0;
		};
/* End PBXResourcesBuildPhase section */

/* Begin PBXSourcesBuildPhase section */
		6FE0266C1EA7633C00B78384 /* Sources */ = {
			isa = PBXSourcesBuildPhase;
			buildActionMask = 2147483647;
			files = (
				6FE0267B1EA7633C00B78384 /* ViewController.m in Sources */,
				6FE026781EA7633C00B78384 /* AppDelegate.m in Sources */,
				6FE026811EA7633C00B78384 /* CustomePickView.xcdatamodeld in Sources */,
				6FE026AF1EA763F200B78384 /* PickView.m in Sources */,
				6FE026751EA7633C00B78384 /* main.m in Sources */,
			);
			runOnlyForDeploymentPostprocessing = 0;
		};
		6FE026881EA7633D00B78384 /* Sources */ = {
			isa = PBXSourcesBuildPhase;
			buildActionMask = 2147483647;
			files = (
				6FE026911EA7633D00B78384 /* CustomePickViewTests.m in Sources */,
			);
			runOnlyForDeploymentPostprocessing = 0;
		};
		6FE026931EA7633D00B78384 /* Sources */ = {
			isa = PBXSourcesBuildPhase;
			buildActionMask = 2147483647;
			files = (
				6FE0269C1EA7633D00B78384 /* CustomePickViewUITests.m in Sources */,
			);
			runOnlyForDeploymentPostprocessing = 0;
		};
/* End PBXSourcesBuildPhase section */

/* Begin PBXTargetDependency section */
		6FE0268E1EA7633D00B78384 /* PBXTargetDependency */ = {
			isa = PBXTargetDependency;
			target = 6FE0266F1EA7633C00B78384 /* CustomePickView */;
			targetProxy = 6FE0268D1EA7633D00B78384 /* PBXContainerItemProxy */;
		};
		6FE026991EA7633D00B78384 /* PBXTargetDependency */ = {
			isa = PBXTargetDependency;
			target = 6FE0266F1EA7633C00B78384 /* CustomePickView */;
			targetProxy = 6FE026981EA7633D00B78384 /* PBXContainerItemProxy */;
		};
/* End PBXTargetDependency section */

/* Begin PBXVariantGroup section */
		6FE0267C1EA7633C00B78384 /* Main.storyboard */ = {
			isa = PBXVariantGroup;
			children = (
				6FE0267D1EA7633C00B78384 /* Base */,
			);
			name = Main.storyboard;
			sourceTree = "<group>";
		};
		6FE026841EA7633C00B78384 /* LaunchScreen.storyboard */ = {
			isa = PBXVariantGroup;
			children = (
				6FE026851EA7633C00B78384 /* Base */,
			);
			name = LaunchScreen.storyboard;
			sourceTree = "<group>";
		};
/* End PBXVariantGroup section */

/* Begin XCBuildConfiguration section */
		6FE0269E1EA7633D00B78384 /* Debug */ = {
			isa = XCBuildConfiguration;
			buildSettings = {
				ALWAYS_SEARCH_USER_PATHS = NO;
				CLANG_ANALYZER_NONNULL = YES;
				CLANG_ANALYZER_NUMBER_OBJECT_CONVERSION = YES_AGGRESSIVE;
				CLANG_CXX_LANGUAGE_STANDARD = "gnu++0x";
				CLANG_CXX_LIBRARY = "libc++";
				CLANG_ENABLE_MODULES = YES;
				CLANG_ENABLE_OBJC_ARC = YES;
				CLANG_WARN_BOOL_CONVERSION = YES;
				CLANG_WARN_CONSTANT_CONVERSION = YES;
				CLANG_WARN_DIRECT_OBJC_ISA_USAGE = YES_ERROR;
				CLANG_WARN_DOCUMENTATION_COMMENTS = YES;
				CLANG_WARN_EMPTY_BODY = YES;
				CLANG_WARN_ENUM_CONVERSION = YES;
				CLANG_WARN_INFINITE_RECURSION = YES;
				CLANG_WARN_INT_CONVERSION = YES;
				CLANG_WARN_OBJC_ROOT_CLASS = YES_ERROR;
				CLANG_WARN_SUSPICIOUS_MOVE = YES;
				CLANG_WARN_UNREACHABLE_CODE = YES;
				CLANG_WARN__DUPLICATE_METHOD_MATCH = YES;
				"CODE_SIGN_IDENTITY[sdk=iphoneos*]" = "iPhone Developer";
				COPY_PHASE_STRIP = NO;
				DEBUG_INFORMATION_FORMAT = dwarf;
				ENABLE_STRICT_OBJC_MSGSEND = YES;
				ENABLE_TESTABILITY = YES;
				GCC_C_LANGUAGE_STANDARD = gnu99;
				GCC_DYNAMIC_NO_PIC = NO;
				GCC_NO_COMMON_BLOCKS = YES;
				GCC_OPTIMIZATION_LEVEL = 0;
				GCC_PREPROCESSOR_DEFINITIONS = (
					"DEBUG=1",
					"$(inherited)",
				);
				GCC_WARN_64_TO_32_BIT_CONVERSION = YES;
				GCC_WARN_ABOUT_RETURN_TYPE = YES_ERROR;
				GCC_WARN_UNDECLARED_SELECTOR = YES;
				GCC_WARN_UNINITIALIZED_AUTOS = YES_AGGRESSIVE;
				GCC_WARN_UNUSED_FUNCTION = YES;
				GCC_WARN_UNUSED_VARIABLE = YES;
				IPHONEOS_DEPLOYMENT_TARGET = 10.3;
				MTL_ENABLE_DEBUG_INFO = YES;
				ONLY_ACTIVE_ARCH = YES;
				SDKROOT = iphoneos;
			};
			name = Debug;
		};
		6FE0269F1EA7633D00B78384 /* Release */ = {
			isa = XCBuildConfiguration;
			buildSettings = {
				ALWAYS_SEARCH_USER_PATHS = NO;
				CLANG_ANALYZER_NONNULL = YES;
				CLANG_ANALYZER_NUMBER_OBJECT_CONVERSION = YES_AGGRESSIVE;
				CLANG_CXX_LANGUAGE_STANDARD = "gnu++0x";
				CLANG_CXX_LIBRARY = "libc++";
				CLANG_ENABLE_MODULES = YES;
				CLANG_ENABLE_OBJC_ARC = YES;
				CLANG_WARN_BOOL_CONVERSION = YES;
				CLANG_WARN_CONSTANT_CONVERSION = YES;
				CLANG_WARN_DIRECT_OBJC_ISA_USAGE = YES_ERROR;
				CLANG_WARN_DOCUMENTATION_COMMENTS = YES;
				CLANG_WARN_EMPTY_BODY = YES;
				CLANG_WARN_ENUM_CONVERSION = YES;
				CLANG_WARN_INFINITE_RECURSION = YES;
				CLANG_WARN_INT_CONVERSION = YES;
				CLANG_WARN_OBJC_ROOT_CLASS = YES_ERROR;
				CLANG_WARN_SUSPICIOUS_MOVE = YES;
				CLANG_WARN_UNREACHABLE_CODE = YES;
				CLANG_WARN__DUPLICATE_METHOD_MATCH = YES;
				"CODE_SIGN_IDENTITY[sdk=iphoneos*]" = "iPhone Developer";
				COPY_PHASE_STRIP = NO;
				DEBUG_INFORMATION_FORMAT = "dwarf-with-dsym";
				ENABLE_NS_ASSERTIONS = NO;
				ENABLE_STRICT_OBJC_MSGSEND = YES;
				GCC_C_LANGUAGE_STANDARD = gnu99;
				GCC_NO_COMMON_BLOCKS = YES;
				GCC_WARN_64_TO_32_BIT_CONVERSION = YES;
				GCC_WARN_ABOUT_RETURN_TYPE = YES_ERROR;
				GCC_WARN_UNDECLARED_SELECTOR = YES;
				GCC_WARN_UNINITIALIZED_AUTOS = YES_AGGRESSIVE;
				GCC_WARN_UNUSED_FUNCTION = YES;
				GCC_WARN_UNUSED_VARIABLE = YES;
				IPHONEOS_DEPLOYMENT_TARGET = 10.3;
				MTL_ENABLE_DEBUG_INFO = NO;
				SDKROOT = iphoneos;
				VALIDATE_PRODUCT = YES;
			};
			name = Release;
		};
		6FE026A11EA7633D00B78384 /* Debug */ = {
			isa = XCBuildConfiguration;
			buildSettings = {
				ASSETCATALOG_COMPILER_APPICON_NAME = AppIcon;
				DEVELOPMENT_TEAM = X69H552D76;
				INFOPLIST_FILE = CustomePickView/Info.plist;
				IPHONEOS_DEPLOYMENT_TARGET = 8.0;
				LD_RUNPATH_SEARCH_PATHS = "$(inherited) @executable_path/Frameworks";
				PRODUCT_BUNDLE_IDENTIFIER = com.hemengjie.CustomePickView;
				PRODUCT_NAME = "$(TARGET_NAME)";
			};
			name = Debug;
		};
		6FE026A21EA7633D00B78384 /* Release */ = {
			isa = XCBuildConfiguration;
			buildSettings = {
				ASSETCATALOG_COMPILER_APPICON_NAME = AppIcon;
				DEVELOPMENT_TEAM = X69H552D76;
				INFOPLIST_FILE = CustomePickView/Info.plist;
				IPHONEOS_DEPLOYMENT_TARGET = 8.0;
				LD_RUNPATH_SEARCH_PATHS = "$(inherited) @executable_path/Frameworks";
				PRODUCT_BUNDLE_IDENTIFIER = com.hemengjie.CustomePickView;
				PRODUCT_NAME = "$(TARGET_NAME)";
			};
			name = Release;
		};
		6FE026A41EA7633D00B78384 /* Debug */ = {
			isa = XCBuildConfiguration;
			buildSettings = {
				BUNDLE_LOADER = "$(TEST_HOST)";
				INFOPLIST_FILE = CustomePickViewTests/Info.plist;
				LD_RUNPATH_SEARCH_PATHS = "$(inherited) @executable_path/Frameworks @loader_path/Frameworks";
				PRODUCT_BUNDLE_IDENTIFIER = com.hemengjie.CustomePickViewTests;
				PRODUCT_NAME = "$(TARGET_NAME)";
				TEST_HOST = "$(BUILT_PRODUCTS_DIR)/CustomePickView.app/CustomePickView";
			};
			name = Debug;
		};
		6FE026A51EA7633D00B78384 /* Release */ = {
			isa = XCBuildConfiguration;
			buildSettings = {
				BUNDLE_LOADER = "$(TEST_HOST)";
				INFOPLIST_FILE = CustomePickViewTests/Info.plist;
				LD_RUNPATH_SEARCH_PATHS = "$(inherited) @executable_path/Frameworks @loader_path/Frameworks";
				PRODUCT_BUNDLE_IDENTIFIER = com.hemengjie.CustomePickViewTests;
				PRODUCT_NAME = "$(TARGET_NAME)";
				TEST_HOST = "$(BUILT_PRODUCTS_DIR)/CustomePickView.app/CustomePickView";
			};
			name = Release;
		};
		6FE026A71EA7633D00B78384 /* Debug */ = {
			isa = XCBuildConfiguration;
			buildSettings = {
				INFOPLIST_FILE = CustomePickViewUITests/Info.plist;
				LD_RUNPATH_SEARCH_PATHS = "$(inherited) @executable_path/Frameworks @loader_path/Frameworks";
				PRODUCT_BUNDLE_IDENTIFIER = com.hemengjie.CustomePickViewUITests;
				PRODUCT_NAME = "$(TARGET_NAME)";
				TEST_TARGET_NAME = CustomePickView;
			};
			name = Debug;
		};
		6FE026A81EA7633D00B78384 /* Release */ = {
			isa = XCBuildConfiguration;
			buildSettings = {
				INFOPLIST_FILE = CustomePickViewUITests/Info.plist;
				LD_RUNPATH_SEARCH_PATHS = "$(inherited) @executable_path/Frameworks @loader_path/Frameworks";
				PRODUCT_BUNDLE_IDENTIFIER = com.hemengjie.CustomePickViewUITests;
				PRODUCT_NAME = "$(TARGET_NAME)";
				TEST_TARGET_NAME = CustomePickView;
			};
			name = Release;
		};
/* End XCBuildConfiguration section */

/* Begin XCConfigurationList section */
		6FE0266B1EA7633C00B78384 /* Build configuration list for PBXProject "CustomePickView" */ = {
			isa = XCConfigurationList;
			buildConfigurations = (
				6FE0269E1EA7633D00B78384 /* Debug */,
				6FE0269F1EA7633D00B78384 /* Release */,
			);
			defaultConfigurationIsVisible = 0;
			defaultConfigurationName = Release;
		};
		6FE026A01EA7633D00B78384 /* Build configuration list for PBXNativeTarget "CustomePickView" */ = {
			isa = XCConfigurationList;
			buildConfigurations = (
				6FE026A11EA7633D00B78384 /* Debug */,
				6FE026A21EA7633D00B78384 /* Release */,
			);
			defaultConfigurationIsVisible = 0;
		};
		6FE026A31EA7633D00B78384 /* Build configuration list for PBXNativeTarget "CustomePickViewTests" */ = {
			isa = XCConfigurationList;
			buildConfigurations = (
				6FE026A41EA7633D00B78384 /* Debug */,
				6FE026A51EA7633D00B78384 /* Release */,
			);
			defaultConfigurationIsVisible = 0;
		};
		6FE026A61EA7633D00B78384 /* Build configuration list for PBXNativeTarget "CustomePickViewUITests" */ = {
			isa = XCConfigurationList;
			buildConfigurations = (
				6FE026A71EA7633D00B78384 /* Debug */,
				6FE026A81EA7633D00B78384 /* Release */,
			);
			defaultConfigurationIsVisible = 0;
		};
/* End XCConfigurationList section */

/* Begin XCVersionGroup section */
		6FE0267F1EA7633C00B78384 /* CustomePickView.xcdatamodeld */ = {
			isa = XCVersionGroup;
			children = (
				6FE026801EA7633C00B78384 /* CustomePickView.xcdatamodel */,
			);
			currentVersion = 6FE026801EA7633C00B78384 /* CustomePickView.xcdatamodel */;
			path = CustomePickView.xcdatamodeld;
			sourceTree = "<group>";
			versionGroupType = wrapper.xcdatamodel;
		};
/* End XCVersionGroup section */
	};
	rootObject = 6FE026681EA7633C00B78384 /* Project object */;
}
